{
  "meteor": {},
  "dependencies": {
    "basePackages": {
      "iron-router": {},
      "collection-hooks": {},
      "percolatestudio-mixpanel": {},
      "fast-render": {},
      "jade": {}
    },
    "packages": {
      "iron-router": {
        "git": "https://github.com/EventedMind/iron-router.git",
        "tag": "v0.7.1",
        "commit": "d1ffb3f06ea4c112132b030f2eb1a70b81675ecb"
      },
      "collection-hooks": {
        "git": "https://github.com/matb33/meteor-collection-hooks.git",
        "tag": "v0.6.7",
        "commit": "f1d2ac629864edda09df6c955fa5ff3df26f739c"
      },
      "percolatestudio-mixpanel": {
        "git": "https://github.com/percolatestudio/meteor-mixpanel.git",
        "tag": "v0.5.0",
        "commit": "d92c8fd6c0504d3f1c195cf972354ab2e81b4e20"
      },
      "fast-render": {
        "git": "https://github.com/arunoda/meteor-fast-render.git",
        "tag": "v0.2.5",
        "commit": "93e2fb334e55fbe9b5ebb2a2e65964018658f43e"
      },
      "jade": {
        "git": "https://github.com/mquandalle/meteor-jade.git",
        "tag": "v0.2.4",
        "commit": "a47a4c59daaa57e7fe5f1544d4ea76d95a5c9abf"
      },
      "blaze-layout": {
        "git": "https://github.com/EventedMind/blaze-layout.git",
        "tag": "v0.2.4",
        "commit": "b40e9b0612329288d75cf52ad14a7da64bb8618f"
      }
    }
  }
}
